<?xml version="1.0" encoding="utf-8"?>
<Project ToolsVersion="4.0" xmlns="http://schemas.microsoft.com/developer/msbuild/2003">
  <ItemGroup>
    <Filter Include="Source Files">
      <UniqueIdentifier>{4FC737F1-C7A5-4376-A066-2A32D752A2FF}</UniqueIdentifier>
      <Extensions>cpp;c;cc;cxx;c++;cppm;ixx;def;odl;idl;hpj;bat;asm;asmx</Extensions>
    </Filter>
    <Filter Include="Header Files">
      <UniqueIdentifier>{93995380-89BD-4b04-88EB-625FBE52EBFB}</UniqueIdentifier>
      <Extensions>h;hh;hpp;hxx;h++;hm;inl;inc;ipp;xsd</Extensions>
    </Filter>
    <Filter Include="Resource Files">
      <UniqueIdentifier>{67DA6AB6-F800-4c08-8B7A-83BB121AAD01}</UniqueIdentifier>
      <Extensions>rc;ico;cur;bmp;dlg;rc2;rct;bin;rgs;gif;jpg;jpeg;jpe;resx;tiff;tif;png;wav;mfcribbon-ms</Extensions>
    </Filter>
  </ItemGroup>
  <ItemGroup>
    <ClInclude Include="stdc++.h">
      <Filter>Header Files</Filter>
    </ClInclude>
    <ClInclude Include="ACO_Background.h">
      <Filter>Header Files</Filter>
    </ClInclude>
    <ClInclude Include="ACO_BulletMovementComp.h">
      <Filter>Header Files</Filter>
    </ClInclude>
    <ClInclude Include="ACO_BulletObject.h">
      <Filter>Header Files</Filter>
    </ClInclude>
    <ClInclude Include="ACO_BulletPool.h">
      <Filter>Header Files</Filter>
    </ClInclude>
    <ClInclude Include="ACO_ChargeComp.h">
      <Filter>Header Files</Filter>
    </ClInclude>
    <ClInclude Include="ACO_CharHealthComp.h">
      <Filter>Header Files</Filter>
    </ClInclude>
    <ClInclude Include="ACO_ColliderComp.h">
      <Filter>Header Files</Filter>
    </ClInclude>
    <ClInclude Include="ACO_EnemyAIComp.h">
      <Filter>Header Files</Filter>
    </ClInclude>
    <ClInclude Include="ACO_GameCharFactory.h">
      <Filter>Header Files</Filter>
    </ClInclude>
    <ClInclude Include="ACO_GameData.h">
      <Filter>Header Files</Filter>
    </ClInclude>
    <ClInclude Include="ACO_TimedLifeComp.h">
      <Filter>Header Files</Filter>
    </ClInclude>
    <ClInclude Include="GD_2DBlockObject.h">
      <Filter>Header Files</Filter>
    </ClInclude>
    <ClInclude Include="GD_AtlasParserM.h">
      <Filter>Header Files</Filter>
    </ClInclude>
    <ClInclude Include="GD_BaseEngine.h">
      <Filter>Header Files</Filter>
    </ClInclude>
    <ClInclude Include="GD_Component.h">
      <Filter>Header Files</Filter>
    </ClInclude>
    <ClInclude Include="GD_GameObject.h">
      <Filter>Header Files</Filter>
    </ClInclude>
    <ClInclude Include="GD_GameResource.h">
      <Filter>Header Files</Filter>
    </ClInclude>
    <ClInclude Include="GD_ModularObject.h">
      <Filter>Header Files</Filter>
    </ClInclude>
    <ClInclude Include="GD_PoolableComp.h">
      <Filter>Header Files</Filter>
    </ClInclude>
    <ClInclude Include="GD_Scene.h">
      <Filter>Header Files</Filter>
    </ClInclude>
    <ClInclude Include="GD_ScenedGameEngine.h">
      <Filter>Header Files</Filter>
    </ClInclude>
    <ClInclude Include="GD_SceneManager.h">
      <Filter>Header Files</Filter>
    </ClInclude>
    <ClInclude Include="GD_TextObject.h">
      <Filter>Header Files</Filter>
    </ClInclude>
    <ClInclude Include="GD_Trn.h">
      <Filter>Header Files</Filter>
    </ClInclude>
    <ClInclude Include="ACO_Button.h">
      <Filter>Header Files</Filter>
    </ClInclude>
  </ItemGroup>
  <ItemGroup>
    <None Include="sweetpack.atlas" />
    <None Include="animalcity.atlas" />
    <None Include="compile.sh" />
  </ItemGroup>
  <ItemGroup>
    <ClCompile Include="ACO_Background.cpp">
      <Filter>Source Files</Filter>
    </ClCompile>
    <ClCompile Include="ACO_BulletMovementComp.cpp">
      <Filter>Source Files</Filter>
    </ClCompile>
    <ClCompile Include="ACO_BulletObject.cpp">
      <Filter>Source Files</Filter>
    </ClCompile>
    <ClCompile Include="ACO_BulletPool.cpp">
      <Filter>Source Files</Filter>
    </ClCompile>
    <ClCompile Include="ACO_ChargeComp.cpp">
      <Filter>Source Files</Filter>
    </ClCompile>
    <ClCompile Include="ACO_CharHealthComp.cpp">
      <Filter>Source Files</Filter>
    </ClCompile>
    <ClCompile Include="ACO_ColliderComp.cpp">
      <Filter>Source Files</Filter>
    </ClCompile>
    <ClCompile Include="ACO_EnemyAIComp.cpp">
      <Filter>Source Files</Filter>
    </ClCompile>
    <ClCompile Include="ACO_GameCharFactory.cpp">
      <Filter>Source Files</Filter>
    </ClCompile>
    <ClCompile Include="ACO_GameData.cpp">
      <Filter>Source Files</Filter>
    </ClCompile>
    <ClCompile Include="ACO_TimedLifeComp.cpp">
      <Filter>Source Files</Filter>
    </ClCompile>
    <ClCompile Include="GD_2DBlockObject.cpp">
      <Filter>Source Files</Filter>
    </ClCompile>
    <ClCompile Include="GD_AtlasParserM.cpp">
      <Filter>Source Files</Filter>
    </ClCompile>
    <ClCompile Include="GD_BaseEngine.cpp">
      <Filter>Source Files</Filter>
    </ClCompile>
    <ClCompile Include="GD_Component.cpp">
      <Filter>Source Files</Filter>
    </ClCompile>
    <ClCompile Include="GD_GameObject.cpp">
      <Filter>Source Files</Filter>
    </ClCompile>
    <ClCompile Include="GD_GameResource.cpp">
      <Filter>Source Files</Filter>
    </ClCompile>
    <ClCompile Include="GD_ModularObject.cpp">
      <Filter>Source Files</Filter>
    </ClCompile>
    <ClCompile Include="GD_PoolableComp.cpp">
      <Filter>Source Files</Filter>
    </ClCompile>
    <ClCompile Include="GD_Scene.cpp">
      <Filter>Source Files</Filter>
    </ClCompile>
    <ClCompile Include="GD_ScenedGameEngine.cpp">
      <Filter>Source Files</Filter>
    </ClCompile>
    <ClCompile Include="GD_SceneManager.cpp">
      <Filter>Source Files</Filter>
    </ClCompile>
    <ClCompile Include="GD_TextObject.cpp">
      <Filter>Source Files</Filter>
    </ClCompile>
    <ClCompile Include="GD_Trn.cpp">
      <Filter>Source Files</Filter>
    </ClCompile>
    <ClCompile Include="ACO_Button.cpp">
      <Filter>Source Files</Filter>
    </ClCompile>
    <ClCompile Include="AC9_shop.cpp">
      <Filter>Source Files</Filter>
    </ClCompile>
  </ItemGroup>
  <ItemGroup>
    <Image Include="animalcity.png">
      <Filter>Resource Files</Filter>
    </Image>
  </ItemGroup>
  <ItemGroup>
    <Font Include="OpenSans-Medium.ttf" />
  </ItemGroup>
</Project>